// !$*UTF8*$!
{
	archiveVersion = 1;
	classes = {
	};
	objectVersion = 56;
	objects = {

/* Begin PBXBuildFile section */
		5C12C90C2926AB7D002005E2 /* AppDelegate.swift in Sources */ = {isa = PBXBuildFile; fileRef = 5C12C90B2926AB7D002005E2 /* AppDelegate.swift */; };
		5C12C90E2926AB7D002005E2 /* SceneDelegate.swift in Sources */ = {isa = PBXBuildFile; fileRef = 5C12C90D2926AB7D002005E2 /* SceneDelegate.swift */; };
		5C12C9102926AB7D002005E2 /* MainViewController.swift in Sources */ = {isa = PBXBuildFile; fileRef = 5C12C90F2926AB7D002005E2 /* MainViewController.swift */; };
		5C12C9132926AB7D002005E2 /* Main.storyboard in Resources */ = {isa = PBXBuildFile; fileRef = 5C12C9112926AB7D002005E2 /* Main.storyboard */; };
		5C12C9152926AB7D002005E2 /* Assets.xcassets in Resources */ = {isa = PBXBuildFile; fileRef = 5C12C9142926AB7D002005E2 /* Assets.xcassets */; };
		5C12C9182926AB7D002005E2 /* LaunchScreen.storyboard in Resources */ = {isa = PBXBuildFile; fileRef = 5C12C9162926AB7D002005E2 /* LaunchScreen.storyboard */; };
		5C12C92A2926AC3B002005E2 /* Constant.swift in Sources */ = {isa = PBXBuildFile; fileRef = 5C12C9292926AC3B002005E2 /* Constant.swift */; };
		5C12C92C2926AF7F002005E2 /* MainModel.swift in Sources */ = {isa = PBXBuildFile; fileRef = 5C12C92B2926AF7F002005E2 /* MainModel.swift */; };
		5C12C92E2926B288002005E2 /* Extensions.swift in Sources */ = {isa = PBXBuildFile; fileRef = 5C12C92D2926B288002005E2 /* Extensions.swift */; };
		5C12C93429281105002005E2 /* WeatherListCell.swift in Sources */ = {isa = PBXBuildFile; fileRef = 5C12C93329281105002005E2 /* WeatherListCell.swift */; };
		5C12C93629281316002005E2 /* Webservice.swift in Sources */ = {isa = PBXBuildFile; fileRef = 5C12C93529281316002005E2 /* Webservice.swift */; };
		5C12C9382928273E002005E2 /* MainViewModel.swift in Sources */ = {isa = PBXBuildFile; fileRef = 5C12C9372928273E002005E2 /* MainViewModel.swift */; };
/* End PBXBuildFile section */

/* Begin PBXFileReference section */
		5C12C9082926AB7D002005E2 /* weatherApp.app */ = {isa = PBXFileReference; explicitFileType = wrapper.application; includeInIndex = 0; path = weatherApp.app; sourceTree = BUILT_PRODUCTS_DIR; };
		5C12C90B2926AB7D002005E2 /* AppDelegate.swift */ = {isa = PBXFileReference; lastKnownFileType = sourcecode.swift; path = AppDelegate.swift; sourceTree = "<group>"; };
		5C12C90D2926AB7D002005E2 /* SceneDelegate.swift */ = {isa = PBXFileReference; lastKnownFileType = sourcecode.swift; path = SceneDelegate.swift; sourceTree = "<group>"; };
		5C12C90F2926AB7D002005E2 /* MainViewController.swift */ = {isa = PBXFileReference; lastKnownFileType = sourcecode.swift; path = MainViewController.swift; sourceTree = "<group>"; };
		5C12C9122926AB7D002005E2 /* Base */ = {isa = PBXFileReference; lastKnownFileType = file.storyboard; name = Base; path = Base.lproj/Main.storyboard; sourceTree = "<group>"; };
		5C12C9142926AB7D002005E2 /* Assets.xcassets */ = {isa = PBXFileReference; lastKnownFileType = folder.assetcatalog; path = Assets.xcassets; sourceTree = "<group>"; };
		5C12C9172926AB7D002005E2 /* Base */ = {isa = PBXFileReference; lastKnownFileType = file.storyboard; name = Base; path = Base.lproj/LaunchScreen.storyboard; sourceTree = "<group>"; };
		5C12C9192926AB7D002005E2 /* Info.plist */ = {isa = PBXFileReference; lastKnownFileType = text.plist.xml; path = Info.plist; sourceTree = "<group>"; };
		5C12C9292926AC3B002005E2 /* Constant.swift */ = {isa = PBXFileReference; lastKnownFileType = sourcecode.swift; path = Constant.swift; sourceTree = "<group>"; };
		5C12C92B2926AF7F002005E2 /* MainModel.swift */ = {isa = PBXFileReference; lastKnownFileType = sourcecode.swift; path = MainModel.swift; sourceTree = "<group>"; };
		5C12C92D2926B288002005E2 /* Extensions.swift */ = {isa = PBXFileReference; lastKnownFileType = sourcecode.swift; path = Extensions.swift; sourceTree = "<group>"; };
		5C12C93329281105002005E2 /* WeatherListCell.swift */ = {isa = PBXFileReference; lastKnownFileType = sourcecode.swift; path = WeatherListCell.swift; sourceTree = "<group>"; };
		5C12C93529281316002005E2 /* Webservice.swift */ = {isa = PBXFileReference; lastKnownFileType = sourcecode.swift; path = Webservice.swift; sourceTree = "<group>"; };
		5C12C9372928273E002005E2 /* MainViewModel.swift */ = {isa = PBXFileReference; lastKnownFileType = sourcecode.swift; path = MainViewModel.swift; sourceTree = "<group>"; };
/* End PBXFileReference section */

/* Begin PBXFrameworksBuildPhase section */
		5C12C9052926AB7D002005E2 /* Frameworks */ = {
			isa = PBXFrameworksBuildPhase;
			buildActionMask = 2147483647;
			files = (
			);
			runOnlyForDeploymentPostprocessing = 0;
		};
/* End PBXFrameworksBuildPhase section */

/* Begin PBXGroup section */
		5C12C8FF2926AB7D002005E2 = {
			isa = PBXGroup;
			children = (
				5C12C90A2926AB7D002005E2 /* weatherApp */,
				5C12C9092926AB7D002005E2 /* Products */,
			);
			sourceTree = "<group>";
		};
		5C12C9092926AB7D002005E2 /* Products */ = {
			isa = PBXGroup;
			children = (
				5C12C9082926AB7D002005E2 /* weatherApp.app */,
			);
			name = Products;
			sourceTree = "<group>";
		};
		5C12C90A2926AB7D002005E2 /* weatherApp */ = {
			isa = PBXGroup;
			children = (
				5C12C93029280A68002005E2 /* Resources */,
				5C12C9262926AC13002005E2 /* Helpers */,
				5C12C9252926ABEF002005E2 /* Utility */,
				5C12C9242926ABC9002005E2 /* ViewModels */,
				5C12C9232926ABBC002005E2 /* Controllers */,
				5C12C9222926ABAE002005E2 /* Webservice */,
				5C12C9202926AB8F002005E2 /* Views */,
				5C12C9212926AB98002005E2 /* Model */,
			);
			path = weatherApp;
			sourceTree = "<group>";
		};
		5C12C9202926AB8F002005E2 /* Views */ = {
			isa = PBXGroup;
			children = (
				5C12C9162926AB7D002005E2 /* LaunchScreen.storyboard */,
				5C12C9112926AB7D002005E2 /* Main.storyboard */,
			);
			path = Views;
			sourceTree = "<group>";
		};
		5C12C9212926AB98002005E2 /* Model */ = {
			isa = PBXGroup;
			children = (
				5C12C92B2926AF7F002005E2 /* MainModel.swift */,
			);
			path = Model;
			sourceTree = "<group>";
		};
		5C12C9222926ABAE002005E2 /* Webservice */ = {
			isa = PBXGroup;
			children = (
				5C12C93529281316002005E2 /* Webservice.swift */,
			);
			path = Webservice;
			sourceTree = "<group>";
		};
		5C12C9232926ABBC002005E2 /* Controllers */ = {
			isa = PBXGroup;
			children = (
				5C12C90F2926AB7D002005E2 /* MainViewController.swift */,
				5C12C93329281105002005E2 /* WeatherListCell.swift */,
			);
			path = Controllers;
			sourceTree = "<group>";
		};
		5C12C9242926ABC9002005E2 /* ViewModels */ = {
			isa = PBXGroup;
			children = (
				5C12C9372928273E002005E2 /* MainViewModel.swift */,
			);
			path = ViewModels;
			sourceTree = "<group>";
		};
		5C12C9252926ABEF002005E2 /* Utility */ = {
			isa = PBXGroup;
			children = (
				5C12C90D2926AB7D002005E2 /* SceneDelegate.swift */,
				5C12C90B2926AB7D002005E2 /* AppDelegate.swift */,
			);
			path = Utility;
			sourceTree = "<group>";
		};
		5C12C9262926AC13002005E2 /* Helpers */ = {
			isa = PBXGroup;
			children = (
				5C12C9282926AC26002005E2 /* Extensions */,
				5C12C9272926AC1E002005E2 /* Constant */,
			);
			path = Helpers;
			sourceTree = "<group>";
		};
		5C12C9272926AC1E002005E2 /* Constant */ = {
			isa = PBXGroup;
			children = (
				5C12C9292926AC3B002005E2 /* Constant.swift */,
			);
			path = Constant;
			sourceTree = "<group>";
		};
		5C12C9282926AC26002005E2 /* Extensions */ = {
			isa = PBXGroup;
			children = (
				5C12C92D2926B288002005E2 /* Extensions.swift */,
			);
			path = Extensions;
			sourceTree = "<group>";
		};
		5C12C93029280A68002005E2 /* Resources */ = {
			isa = PBXGroup;
			children = (
				5C12C9142926AB7D002005E2 /* Assets.xcassets */,
				5C12C9192926AB7D002005E2 /* Info.plist */,
			);
			path = Resources;
			sourceTree = "<group>";
		};
/* End PBXGroup section */

/* Begin PBXNativeTarget section */
		5C12C9072926AB7D002005E2 /* weatherApp */ = {
			isa = PBXNativeTarget;
			buildConfigurationList = 5C12C91C2926AB7D002005E2 /* Build configuration list for PBXNativeTarget "weatherApp" */;
			buildPhases = (
				5C12C9042926AB7D002005E2 /* Sources */,
				5C12C9052926AB7D002005E2 /* Frameworks */,
				5C12C9062926AB7D002005E2 /* Resources */,
			);
			buildRules = (
			);
			dependencies = (
			);
			name = weatherApp;
			productName = weatherApp;
			productReference = 5C12C9082926AB7D002005E2 /* weatherApp.app */;
			productType = "com.apple.product-type.application";
		};
/* End PBXNativeTarget section */

/* Begin PBXProject section */
		5C12C9002926AB7D002005E2 /* Project object */ = {
			isa = PBXProject;
			attributes = {
				BuildIndependentTargetsInParallel = 1;
				LastSwiftUpdateCheck = 1400;
				LastUpgradeCheck = 1400;
				TargetAttributes = {
					5C12C9072926AB7D002005E2 = {
						CreatedOnToolsVersion = 14.0.1;
					};
				};
			};
			buildConfigurationList = 5C12C9032926AB7D002005E2 /* Build configuration list for PBXProject "weatherApp" */;
			compatibilityVersion = "Xcode 14.0";
			developmentRegion = en;
			hasScannedForEncodings = 0;
			knownRegions = (
				en,
				Base,
			);
			mainGroup = 5C12C8FF2926AB7D002005E2;
			productRefGroup = 5C12C9092926AB7D002005E2 /* Products */;
			projectDirPath = "";
			projectRoot = "";
			targets = (
				5C12C9072926AB7D002005E2 /* weatherApp */,
			);
		};
/* End PBXProject section */

/* Begin PBXResourcesBuildPhase section */
		5C12C9062926AB7D002005E2 /* Resources */ = {
			isa = PBXResourcesBuildPhase;
			buildActionMask = 2147483647;
			files = (
				5C12C9182926AB7D002005E2 /* LaunchScreen.storyboard in Resources */,
				5C12C9152926AB7D002005E2 /* Assets.xcassets in Resources */,
				5C12C9132926AB7D002005E2 /* Main.storyboard in Resources */,
			);
			runOnlyForDeploymentPostprocessing = 0;
		};
/* End PBXResourcesBuildPhase section */

/* Begin PBXSourcesBuildPhase section */
		5C12C9042926AB7D002005E2 /* Sources */ = {
			isa = PBXSourcesBuildPhase;
			buildActionMask = 2147483647;
			files = (
				5C12C9102926AB7D002005E2 /* MainViewController.swift in Sources */,
				5C12C92E2926B288002005E2 /* Extensions.swift in Sources */,
				5C12C93629281316002005E2 /* Webservice.swift in Sources */,
				5C12C90C2926AB7D002005E2 /* AppDelegate.swift in Sources */,
				5C12C90E2926AB7D002005E2 /* SceneDelegate.swift in Sources */,
				5C12C92C2926AF7F002005E2 /* MainModel.swift in Sources */,
				5C12C92A2926AC3B002005E2 /* Constant.swift in Sources */,
				5C12C93429281105002005E2 /* WeatherListCell.swift in Sources */,
				5C12C9382928273E002005E2 /* MainViewModel.swift in Sources */,
			);
			runOnlyForDeploymentPostprocessing = 0;
		};
/* End PBXSourcesBuildPhase section */

/* Begin PBXVariantGroup section */
		5C12C9112926AB7D002005E2 /* Main.storyboard */ = {
			isa = PBXVariantGroup;
			children = (
				5C12C9122926AB7D002005E2 /* Base */,
			);
			name = Main.storyboard;
			sourceTree = "<group>";
		};
		5C12C9162926AB7D002005E2 /* LaunchScreen.storyboard */ = {
			isa = PBXVariantGroup;
			children = (
				5C12C9172926AB7D002005E2 /* Base */,
			);
			name = LaunchScreen.storyboard;
			sourceTree = "<group>";
		};
/* End PBXVariantGroup section */

/* Begin XCBuildConfiguration section */
		5C12C91A2926AB7D002005E2 /* Debug */ = {
			isa = XCBuildConfiguration;
			buildSettings = {
				ALWAYS_SEARCH_USER_PATHS = NO;
				CLANG_ANALYZER_NONNULL = YES;
				CLANG_ANALYZER_NUMBER_OBJECT_CONVERSION = YES_AGGRESSIVE;
				CLANG_CXX_LANGUAGE_STANDARD = "gnu++20";
				CLANG_ENABLE_MODULES = YES;
				CLANG_ENABLE_OBJC_ARC = YES;
				CLANG_ENABLE_OBJC_WEAK = YES;
				CLANG_WARN_BLOCK_CAPTURE_AUTORELEASING = YES;
				CLANG_WARN_BOOL_CONVERSION = YES;
				CLANG_WARN_COMMA = YES;
				CLANG_WARN_CONSTANT_CONVERSION = YES;
				CLANG_WARN_DEPRECATED_OBJC_IMPLEMENTATIONS = YES;
				CLANG_WARN_DIRECT_OBJC_ISA_USAGE = YES_ERROR;
				CLANG_WARN_DOCUMENTATION_COMMENTS = YES;
				CLANG_WARN_EMPTY_BODY = YES;
				CLANG_WARN_ENUM_CONVERSION = YES;
				CLANG_WARN_INFINITE_RECURSION = YES;
				CLANG_WARN_INT_CONVERSION = YES;
				CLANG_WARN_NON_LITERAL_NULL_CONVERSION = YES;
				CLANG_WARN_OBJC_IMPLICIT_RETAIN_SELF = YES;
				CLANG_WARN_OBJC_LITERAL_CONVERSION = YES;
				CLANG_WARN_OBJC_ROOT_CLASS = YES_ERROR;
				CLANG_WARN_QUOTED_INCLUDE_IN_FRAMEWORK_HEADER = YES;
				CLANG_WARN_RANGE_LOOP_ANALYSIS = YES;
				CLANG_WARN_STRICT_PROTOTYPES = YES;
				CLANG_WARN_SUSPICIOUS_MOVE = YES;
				CLANG_WARN_UNGUARDED_AVAILABILITY = YES_AGGRESSIVE;
				CLANG_WARN_UNREACHABLE_CODE = YES;
				CLANG_WARN__DUPLICATE_METHOD_MATCH = YES;
				COPY_PHASE_STRIP = NO;
				DEBUG_INFORMATION_FORMAT = dwarf;
				ENABLE_STRICT_OBJC_MSGSEND = YES;
				ENABLE_TESTABILITY = YES;
				GCC_C_LANGUAGE_STANDARD = gnu11;
				GCC_DYNAMIC_NO_PIC = NO;
				GCC_NO_COMMON_BLOCKS = YES;
				GCC_OPTIMIZATION_LEVEL = 0;
				GCC_PREPROCESSOR_DEFINITIONS = (
					"DEBUG=1",
					"$(inherited)",
				);
				GCC_WARN_64_TO_32_BIT_CONVERSION = YES;
				GCC_WARN_ABOUT_RETURN_TYPE = YES_ERROR;
				GCC_WARN_UNDECLARED_SELECTOR = YES;
				GCC_WARN_UNINITIALIZED_AUTOS = YES_AGGRESSIVE;
				GCC_WARN_UNUSED_FUNCTION = YES;
				GCC_WARN_UNUSED_VARIABLE = YES;
				IPHONEOS_DEPLOYMENT_TARGET = 16.0;
				MTL_ENABLE_DEBUG_INFO = INCLUDE_SOURCE;
				MTL_FAST_MATH = YES;
				ONLY_ACTIVE_ARCH = YES;
				SDKROOT = iphoneos;
				SWIFT_ACTIVE_COMPILATION_CONDITIONS = DEBUG;
				SWIFT_OPTIMIZATION_LEVEL = "-Onone";
			};
			name = Debug;
		};
		5C12C91B2926AB7D002005E2 /* Release */ = {
			isa = XCBuildConfiguration;
			buildSettings = {
				ALWAYS_SEARCH_USER_PATHS = NO;
				CLANG_ANALYZER_NONNULL = YES;
				CLANG_ANALYZER_NUMBER_OBJECT_CONVERSION = YES_AGGRESSIVE;
				CLANG_CXX_LANGUAGE_STANDARD = "gnu++20";
				CLANG_ENABLE_MODULES = YES;
				CLANG_ENABLE_OBJC_ARC = YES;
				CLANG_ENABLE_OBJC_WEAK = YES;
				CLANG_WARN_BLOCK_CAPTURE_AUTORELEASING = YES;
				CLANG_WARN_BOOL_CONVERSION = YES;
				CLANG_WARN_COMMA = YES;
				CLANG_WARN_CONSTANT_CONVERSION = YES;
				CLANG_WARN_DEPRECATED_OBJC_IMPLEMENTATIONS = YES;
				CLANG_WARN_DIRECT_OBJC_ISA_USAGE = YES_ERROR;
				CLANG_WARN_DOCUMENTATION_COMMENTS = YES;
				CLANG_WARN_EMPTY_BODY = YES;
				CLANG_WARN_ENUM_CONVERSION = YES;
				CLANG_WARN_INFINITE_RECURSION = YES;
				CLANG_WARN_INT_CONVERSION = YES;
				CLANG_WARN_NON_LITERAL_NULL_CONVERSION = YES;
				CLANG_WARN_OBJC_IMPLICIT_RETAIN_SELF = YES;
				CLANG_WARN_OBJC_LITERAL_CONVERSION = YES;
				CLANG_WARN_OBJC_ROOT_CLASS = YES_ERROR;
				CLANG_WARN_QUOTED_INCLUDE_IN_FRAMEWORK_HEADER = YES;
				CLANG_WARN_RANGE_LOOP_ANALYSIS = YES;
				CLANG_WARN_STRICT_PROTOTYPES = YES;
				CLANG_WARN_SUSPICIOUS_MOVE = YES;
				CLANG_WARN_UNGUARDED_AVAILABILITY = YES_AGGRESSIVE;
				CLANG_WARN_UNREACHABLE_CODE = YES;
				CLANG_WARN__DUPLICATE_METHOD_MATCH = YES;
				COPY_PHASE_STRIP = NO;
				DEBUG_INFORMATION_FORMAT = "dwarf-with-dsym";
				ENABLE_NS_ASSERTIONS = NO;
				ENABLE_STRICT_OBJC_MSGSEND = YES;
				GCC_C_LANGUAGE_STANDARD = gnu11;
				GCC_NO_COMMON_BLOCKS = YES;
				GCC_WARN_64_TO_32_BIT_CONVERSION = YES;
				GCC_WARN_ABOUT_RETURN_TYPE = YES_ERROR;
				GCC_WARN_UNDECLARED_SELECTOR = YES;
				GCC_WARN_UNINITIALIZED_AUTOS = YES_AGGRESSIVE;
				GCC_WARN_UNUSED_FUNCTION = YES;
				GCC_WARN_UNUSED_VARIABLE = YES;
				IPHONEOS_DEPLOYMENT_TARGET = 16.0;
				MTL_ENABLE_DEBUG_INFO = NO;
				MTL_FAST_MATH = YES;
				SDKROOT = iphoneos;
				SWIFT_COMPILATION_MODE = wholemodule;
				SWIFT_OPTIMIZATION_LEVEL = "-O";
				VALIDATE_PRODUCT = YES;
			};
			name = Release;
		};
		5C12C91D2926AB7D002005E2 /* Debug */ = {
			isa = XCBuildConfiguration;
			buildSettings = {
				ASSETCATALOG_COMPILER_APPICON_NAME = AppIcon;
				ASSETCATALOG_COMPILER_GLOBAL_ACCENT_COLOR_NAME = AccentColor;
				CODE_SIGN_STYLE = Automatic;
				CURRENT_PROJECT_VERSION = 1;
				DEVELOPMENT_TEAM = 6N4HMYH8YX;
				GENERATE_INFOPLIST_FILE = YES;
				INFOPLIST_FILE = weatherApp/Resources/Info.plist;
				INFOPLIST_KEY_UIApplicationSupportsIndirectInputEvents = YES;
				INFOPLIST_KEY_UILaunchStoryboardName = LaunchScreen;
				INFOPLIST_KEY_UIMainStoryboardFile = Main;
				INFOPLIST_KEY_UISupportedInterfaceOrientations_iPad = "UIInterfaceOrientationPortrait UIInterfaceOrientationPortraitUpsideDown UIInterfaceOrientationLandscapeLeft UIInterfaceOrientationLandscapeRight";
				INFOPLIST_KEY_UISupportedInterfaceOrientations_iPhone = "UIInterfaceOrientationPortrait UIInterfaceOrientationLandscapeLeft UIInterfaceOrientationLandscapeRight";
				LD_RUNPATH_SEARCH_PATHS = (
					"$(inherited)",
					"@executable_path/Frameworks",
				);
				MARKETING_VERSION = 1.0;
				PRODUCT_BUNDLE_IDENTIFIER = com.turancabuk.weatherApp;
				PRODUCT_NAME = "$(TARGET_NAME)";
				SWIFT_EMIT_LOC_STRINGS = YES;
				SWIFT_VERSION = 5.0;
				TARGETED_DEVICE_FAMILY = "1,2";
			};
			name = Debug;
		};
		5C12C91E2926AB7D002005E2 /* Release */ = {
			isa = XCBuildConfiguration;
			buildSettings = {
				ASSETCATALOG_COMPILER_APPICON_NAME = AppIcon;
				ASSETCATALOG_COMPILER_GLOBAL_ACCENT_COLOR_NAME = AccentColor;
				CODE_SIGN_STYLE = Automatic;
				CURRENT_PROJECT_VERSION = 1;
				DEVELOPMENT_TEAM = 6N4HMYH8YX;
				GENERATE_INFOPLIST_FILE = YES;
				INFOPLIST_FILE = weatherApp/Resources/Info.plist;
				INFOPLIST_KEY_UIApplicationSupportsIndirectInputEvents = YES;
				INFOPLIST_KEY_UILaunchStoryboardName = LaunchScreen;
				INFOPLIST_KEY_UIMainStoryboardFile = Main;
				INFOPLIST_KEY_UISupportedInterfaceOrientations_iPad = "UIInterfaceOrientationPortrait UIInterfaceOrientationPortraitUpsideDown UIInterfaceOrientationLandscapeLeft UIInterfaceOrientationLandscapeRight";
				INFOPLIST_KEY_UISupportedInterfaceOrientations_iPhone = "UIInterfaceOrientationPortrait UIInterfaceOrientationLandscapeLeft UIInterfaceOrientationLandscapeRight";
				LD_RUNPATH_SEARCH_PATHS = (
					"$(inherited)",
					"@executable_path/Frameworks",
				);
				MARKETING_VERSION = 1.0;
				PRODUCT_BUNDLE_IDENTIFIER = com.turancabuk.weatherApp;
				PRODUCT_NAME = "$(TARGET_NAME)";
				SWIFT_EMIT_LOC_STRINGS = YES;
				SWIFT_VERSION = 5.0;
				TARGETED_DEVICE_FAMILY = "1,2";
			};
			name = Release;
		};
/* End XCBuildConfiguration section */

/* Begin XCConfigurationList section */
		5C12C9032926AB7D002005E2 /* Build configuration list for PBXProject "weatherApp" */ = {
			isa = XCConfigurationList;
			buildConfigurations = (
				5C12C91A2926AB7D002005E2 /* Debug */,
				5C12C91B2926AB7D002005E2 /* Release */,
			);
			defaultConfigurationIsVisible = 0;
			defaultConfigurationName = Release;
		};
		5C12C91C2926AB7D002005E2 /* Build configuration list for PBXNativeTarget "weatherApp" */ = {
			isa = XCConfigurationList;
			buildConfigurations = (
				5C12C91D2926AB7D002005E2 /* Debug */,
				5C12C91E2926AB7D002005E2 /* Release */,
			);
			defaultConfigurationIsVisible = 0;
			defaultConfigurationName = Release;
		};
/* End XCConfigurationList section */
	};
	rootObject = 5C12C9002926AB7D002005E2 /* Project object */;
}
